// !$*UTF8*$!
{
	archiveVersion = 1;
	classes = {
	};
	objectVersion = 50;
	objects = {

/* Begin PBXBuildFile section */
		2447155370EED8D576CD6659 /* Pods_Mentors_International.framework in Frameworks */ = {isa = PBXBuildFile; fileRef = 0F92D710772F3998A186B6D9 /* Pods_Mentors_International.framework */; };
		F82DB5872208C69C00ACBC09 /* AppDelegate.swift in Sources */ = {isa = PBXBuildFile; fileRef = F82DB5862208C69C00ACBC09 /* AppDelegate.swift */; };
		F82DB5892208C69C00ACBC09 /* ViewController.swift in Sources */ = {isa = PBXBuildFile; fileRef = F82DB5882208C69C00ACBC09 /* ViewController.swift */; };
		F82DB58C2208C69C00ACBC09 /* Main.storyboard in Resources */ = {isa = PBXBuildFile; fileRef = F82DB58A2208C69C00ACBC09 /* Main.storyboard */; };
		F82DB58E2208C69D00ACBC09 /* Assets.xcassets in Resources */ = {isa = PBXBuildFile; fileRef = F82DB58D2208C69D00ACBC09 /* Assets.xcassets */; };
		F82DB5912208C69D00ACBC09 /* LaunchScreen.storyboard in Resources */ = {isa = PBXBuildFile; fileRef = F82DB58F2208C69D00ACBC09 /* LaunchScreen.storyboard */; };
		F82DB5992208C6A500ACBC09 /* README.md in Resources */ = {isa = PBXBuildFile; fileRef = F82DB5982208C6A500ACBC09 /* README.md */; };
		F82DB59B2208EDC500ACBC09 /* ProfileViewController.swift in Sources */ = {isa = PBXBuildFile; fileRef = F82DB59A2208EDC500ACBC09 /* ProfileViewController.swift */; };
		F82DB59D2208EE1F00ACBC09 /* MessagesTableViewController.swift in Sources */ = {isa = PBXBuildFile; fileRef = F82DB59C2208EE1F00ACBC09 /* MessagesTableViewController.swift */; };
		F82DB5A12208EE8900ACBC09 /* ScheduleTableViewController.swift in Sources */ = {isa = PBXBuildFile; fileRef = F82DB5A02208EE8800ACBC09 /* ScheduleTableViewController.swift */; };
		F82DB5A32208F0CD00ACBC09 /* RegisterViewController.swift in Sources */ = {isa = PBXBuildFile; fileRef = F82DB5A22208F0CD00ACBC09 /* RegisterViewController.swift */; };
		F82DB5A52208F0D500ACBC09 /* LoginViewController.swift in Sources */ = {isa = PBXBuildFile; fileRef = F82DB5A42208F0D500ACBC09 /* LoginViewController.swift */; };
		F82DB5A7220907D800ACBC09 /* MessageDetailViewController.swift in Sources */ = {isa = PBXBuildFile; fileRef = F82DB5A6220907D800ACBC09 /* MessageDetailViewController.swift */; };
		F82DB5A92209081100ACBC09 /* ScheduleDetailViewController.swift in Sources */ = {isa = PBXBuildFile; fileRef = F82DB5A82209081100ACBC09 /* ScheduleDetailViewController.swift */; };
		F82DB5AB220A376A00ACBC09 /* ContactsTableViewController.swift in Sources */ = {isa = PBXBuildFile; fileRef = F82DB5AA220A376A00ACBC09 /* ContactsTableViewController.swift */; };
		F82DB5AD220A37DF00ACBC09 /* ContactDetailViewController.swift in Sources */ = {isa = PBXBuildFile; fileRef = F82DB5AC220A37DF00ACBC09 /* ContactDetailViewController.swift */; };
/* End PBXBuildFile section */

/* Begin PBXFileReference section */
		0F92D710772F3998A186B6D9 /* Pods_Mentors_International.framework */ = {isa = PBXFileReference; explicitFileType = wrapper.framework; includeInIndex = 0; path = Pods_Mentors_International.framework; sourceTree = BUILT_PRODUCTS_DIR; };
		E8B18A19B767A12C19853207 /* Pods-Mentors International.debug.xcconfig */ = {isa = PBXFileReference; includeInIndex = 1; lastKnownFileType = text.xcconfig; name = "Pods-Mentors International.debug.xcconfig"; path = "Target Support Files/Pods-Mentors International/Pods-Mentors International.debug.xcconfig"; sourceTree = "<group>"; };
		EAB19C59756EBECE77F89125 /* Pods-Mentors International.release.xcconfig */ = {isa = PBXFileReference; includeInIndex = 1; lastKnownFileType = text.xcconfig; name = "Pods-Mentors International.release.xcconfig"; path = "Target Support Files/Pods-Mentors International/Pods-Mentors International.release.xcconfig"; sourceTree = "<group>"; };
		F82DB5832208C69C00ACBC09 /* Mentors International.app */ = {isa = PBXFileReference; explicitFileType = wrapper.application; includeInIndex = 0; path = "Mentors International.app"; sourceTree = BUILT_PRODUCTS_DIR; };
		F82DB5862208C69C00ACBC09 /* AppDelegate.swift */ = {isa = PBXFileReference; lastKnownFileType = sourcecode.swift; path = AppDelegate.swift; sourceTree = "<group>"; };
		F82DB5882208C69C00ACBC09 /* ViewController.swift */ = {isa = PBXFileReference; lastKnownFileType = sourcecode.swift; path = ViewController.swift; sourceTree = "<group>"; };
		F82DB58B2208C69C00ACBC09 /* Base */ = {isa = PBXFileReference; lastKnownFileType = file.storyboard; name = Base; path = Base.lproj/Main.storyboard; sourceTree = "<group>"; };
		F82DB58D2208C69D00ACBC09 /* Assets.xcassets */ = {isa = PBXFileReference; lastKnownFileType = folder.assetcatalog; path = Assets.xcassets; sourceTree = "<group>"; };
		F82DB5902208C69D00ACBC09 /* Base */ = {isa = PBXFileReference; lastKnownFileType = file.storyboard; name = Base; path = Base.lproj/LaunchScreen.storyboard; sourceTree = "<group>"; };
		F82DB5922208C69D00ACBC09 /* Info.plist */ = {isa = PBXFileReference; lastKnownFileType = text.plist.xml; path = Info.plist; sourceTree = "<group>"; };
		F82DB5982208C6A500ACBC09 /* README.md */ = {isa = PBXFileReference; fileEncoding = 4; lastKnownFileType = net.daringfireball.markdown; name = README.md; path = ../../README.md; sourceTree = "<group>"; };
		F82DB59A2208EDC500ACBC09 /* ProfileViewController.swift */ = {isa = PBXFileReference; lastKnownFileType = sourcecode.swift; path = ProfileViewController.swift; sourceTree = "<group>"; };
		F82DB59C2208EE1F00ACBC09 /* MessagesTableViewController.swift */ = {isa = PBXFileReference; lastKnownFileType = sourcecode.swift; path = MessagesTableViewController.swift; sourceTree = "<group>"; };
		F82DB5A02208EE8800ACBC09 /* ScheduleTableViewController.swift */ = {isa = PBXFileReference; lastKnownFileType = sourcecode.swift; path = ScheduleTableViewController.swift; sourceTree = "<group>"; };
		F82DB5A22208F0CD00ACBC09 /* RegisterViewController.swift */ = {isa = PBXFileReference; lastKnownFileType = sourcecode.swift; path = RegisterViewController.swift; sourceTree = "<group>"; };
		F82DB5A42208F0D500ACBC09 /* LoginViewController.swift */ = {isa = PBXFileReference; lastKnownFileType = sourcecode.swift; path = LoginViewController.swift; sourceTree = "<group>"; };
		F82DB5A6220907D800ACBC09 /* MessageDetailViewController.swift */ = {isa = PBXFileReference; lastKnownFileType = sourcecode.swift; path = MessageDetailViewController.swift; sourceTree = "<group>"; };
		F82DB5A82209081100ACBC09 /* ScheduleDetailViewController.swift */ = {isa = PBXFileReference; lastKnownFileType = sourcecode.swift; path = ScheduleDetailViewController.swift; sourceTree = "<group>"; };
		F82DB5AA220A376A00ACBC09 /* ContactsTableViewController.swift */ = {isa = PBXFileReference; lastKnownFileType = sourcecode.swift; path = ContactsTableViewController.swift; sourceTree = "<group>"; };
		F82DB5AC220A37DF00ACBC09 /* ContactDetailViewController.swift */ = {isa = PBXFileReference; lastKnownFileType = sourcecode.swift; path = ContactDetailViewController.swift; sourceTree = "<group>"; };
		F8769A72220CA1A900423FFE /* Thursday.md */ = {isa = PBXFileReference; lastKnownFileType = net.daringfireball.markdown; path = Thursday.md; sourceTree = "<group>"; };
/* End PBXFileReference section */

/* Begin PBXFrameworksBuildPhase section */
		F82DB5802208C69C00ACBC09 /* Frameworks */ = {
			isa = PBXFrameworksBuildPhase;
			buildActionMask = 2147483647;
			files = (
				2447155370EED8D576CD6659 /* Pods_Mentors_International.framework in Frameworks */,
			);
			runOnlyForDeploymentPostprocessing = 0;
		};
/* End PBXFrameworksBuildPhase section */

/* Begin PBXGroup section */
		666EF94AF6F6194796201A82 /* Pods */ = {
			isa = PBXGroup;
			children = (
				E8B18A19B767A12C19853207 /* Pods-Mentors International.debug.xcconfig */,
				EAB19C59756EBECE77F89125 /* Pods-Mentors International.release.xcconfig */,
			);
			path = Pods;
			sourceTree = "<group>";
		};
		B95B0E3E2D4F116D7D914E29 /* Frameworks */ = {
			isa = PBXGroup;
			children = (
				0F92D710772F3998A186B6D9 /* Pods_Mentors_International.framework */,
			);
			name = Frameworks;
			sourceTree = "<group>";
		};
		F82DB57A2208C69C00ACBC09 = {
			isa = PBXGroup;
			children = (
				F82DB5852208C69C00ACBC09 /* Mentors International */,
				F82DB5842208C69C00ACBC09 /* Products */,
				666EF94AF6F6194796201A82 /* Pods */,
				B95B0E3E2D4F116D7D914E29 /* Frameworks */,
			);
			sourceTree = "<group>";
		};
		F82DB5842208C69C00ACBC09 /* Products */ = {
			isa = PBXGroup;
			children = (
				F82DB5832208C69C00ACBC09 /* Mentors International.app */,
			);
			name = Products;
			sourceTree = "<group>";
		};
		F82DB5852208C69C00ACBC09 /* Mentors International */ = {
			isa = PBXGroup;
			children = (
				F82DB5862208C69C00ACBC09 /* AppDelegate.swift */,
				F82DB5882208C69C00ACBC09 /* ViewController.swift */,
				F82DB58A2208C69C00ACBC09 /* Main.storyboard */,
				F82DB5AC220A37DF00ACBC09 /* ContactDetailViewController.swift */,
				F8769A72220CA1A900423FFE /* Thursday.md */,
				F82DB5AA220A376A00ACBC09 /* ContactsTableViewController.swift */,
				F82DB5A82209081100ACBC09 /* ScheduleDetailViewController.swift */,
				F82DB5A6220907D800ACBC09 /* MessageDetailViewController.swift */,
				F8C4622E220B8EDF008B465E /* Authentication */,
				F82DB59C2208EE1F00ACBC09 /* MessagesTableViewController.swift */,
				F82DB5A02208EE8800ACBC09 /* ScheduleTableViewController.swift */,
				F82DB58D2208C69D00ACBC09 /* Assets.xcassets */,
				F82DB58F2208C69D00ACBC09 /* LaunchScreen.storyboard */,
				F82DB5922208C69D00ACBC09 /* Info.plist */,
				F82DB5982208C6A500ACBC09 /* README.md */,
			);
			path = "Mentors International";
			sourceTree = "<group>";
		};
		F8C4622E220B8EDF008B465E /* Authentication */ = {
			isa = PBXGroup;
			children = (
				F82DB5A22208F0CD00ACBC09 /* RegisterViewController.swift */,
				F82DB5A42208F0D500ACBC09 /* LoginViewController.swift */,
				F82DB59A2208EDC500ACBC09 /* ProfileViewController.swift */,
			);
			path = Authentication;
			sourceTree = "<group>";
		};
/* End PBXGroup section */

/* Begin PBXNativeTarget section */
		F82DB5822208C69C00ACBC09 /* Mentors International */ = {
			isa = PBXNativeTarget;
			buildConfigurationList = F82DB5952208C69D00ACBC09 /* Build configuration list for PBXNativeTarget "Mentors International" */;
			buildPhases = (
				973BB245AFEB8D32B16DEE42 /* [CP] Check Pods Manifest.lock */,
				F82DB57F2208C69C00ACBC09 /* Sources */,
				F82DB5802208C69C00ACBC09 /* Frameworks */,
				F82DB5812208C69C00ACBC09 /* Resources */,
				A9A2D576B6F940AA6265B8D3 /* [CP] Embed Pods Frameworks */,
			);
			buildRules = (
			);
			dependencies = (
			);
			name = "Mentors International";
			productName = "Mentors International";
			productReference = F82DB5832208C69C00ACBC09 /* Mentors International.app */;
			productType = "com.apple.product-type.application";
		};
/* End PBXNativeTarget section */

/* Begin PBXProject section */
		F82DB57B2208C69C00ACBC09 /* Project object */ = {
			isa = PBXProject;
			attributes = {
				LastSwiftUpdateCheck = 1010;
				LastUpgradeCheck = 1010;
				ORGANIZATIONNAME = "Jaspal Suri";
				TargetAttributes = {
					F82DB5822208C69C00ACBC09 = {
						CreatedOnToolsVersion = 10.1;
					};
				};
			};
			buildConfigurationList = F82DB57E2208C69C00ACBC09 /* Build configuration list for PBXProject "Mentors International" */;
			compatibilityVersion = "Xcode 9.3";
			developmentRegion = en;
			hasScannedForEncodings = 0;
			knownRegions = (
				en,
				Base,
			);
			mainGroup = F82DB57A2208C69C00ACBC09;
			productRefGroup = F82DB5842208C69C00ACBC09 /* Products */;
			projectDirPath = "";
			projectRoot = "";
			targets = (
				F82DB5822208C69C00ACBC09 /* Mentors International */,
			);
		};
/* End PBXProject section */

/* Begin PBXResourcesBuildPhase section */
		F82DB5812208C69C00ACBC09 /* Resources */ = {
			isa = PBXResourcesBuildPhase;
			buildActionMask = 2147483647;
			files = (
				F82DB5912208C69D00ACBC09 /* LaunchScreen.storyboard in Resources */,
				F82DB58E2208C69D00ACBC09 /* Assets.xcassets in Resources */,
				F82DB5992208C6A500ACBC09 /* README.md in Resources */,
				F82DB58C2208C69C00ACBC09 /* Main.storyboard in Resources */,
			);
			runOnlyForDeploymentPostprocessing = 0;
		};
/* End PBXResourcesBuildPhase section */

/* Begin PBXShellScriptBuildPhase section */
		973BB245AFEB8D32B16DEE42 /* [CP] Check Pods Manifest.lock */ = {
			isa = PBXShellScriptBuildPhase;
			buildActionMask = 2147483647;
			files = (
			);
			inputFileListPaths = (
			);
			inputPaths = (
				"${PODS_PODFILE_DIR_PATH}/Podfile.lock",
				"${PODS_ROOT}/Manifest.lock",
			);
			name = "[CP] Check Pods Manifest.lock";
			outputFileListPaths = (
			);
			outputPaths = (
				"$(DERIVED_FILE_DIR)/Pods-Mentors International-checkManifestLockResult.txt",
			);
			runOnlyForDeploymentPostprocessing = 0;
			shellPath = /bin/sh;
			shellScript = "diff \"${PODS_PODFILE_DIR_PATH}/Podfile.lock\" \"${PODS_ROOT}/Manifest.lock\" > /dev/null\nif [ $? != 0 ] ; then\n    # print error to STDERR\n    echo \"error: The sandbox is not in sync with the Podfile.lock. Run 'pod install' or update your CocoaPods installation.\" >&2\n    exit 1\nfi\n# This output is used by Xcode 'outputs' to avoid re-running this script phase.\necho \"SUCCESS\" > \"${SCRIPT_OUTPUT_FILE_0}\"\n";
			showEnvVarsInLog = 0;
		};
		A9A2D576B6F940AA6265B8D3 /* [CP] Embed Pods Frameworks */ = {
			isa = PBXShellScriptBuildPhase;
			buildActionMask = 2147483647;
			files = (
			);
			inputFileListPaths = (
			);
			inputPaths = (
				"${PODS_ROOT}/Target Support Files/Pods-Mentors International/Pods-Mentors International-frameworks.sh",
				"${BUILT_PRODUCTS_DIR}/SwiftKeychainWrapper/SwiftKeychainWrapper.framework",
			);
			name = "[CP] Embed Pods Frameworks";
			outputFileListPaths = (
			);
			outputPaths = (
				"${TARGET_BUILD_DIR}/${FRAMEWORKS_FOLDER_PATH}/SwiftKeychainWrapper.framework",
			);
			runOnlyForDeploymentPostprocessing = 0;
			shellPath = /bin/sh;
			shellScript = "\"${PODS_ROOT}/Target Support Files/Pods-Mentors International/Pods-Mentors International-frameworks.sh\"\n";
			showEnvVarsInLog = 0;
		};
/* End PBXShellScriptBuildPhase section */

/* Begin PBXSourcesBuildPhase section */
		F82DB57F2208C69C00ACBC09 /* Sources */ = {
			isa = PBXSourcesBuildPhase;
			buildActionMask = 2147483647;
			files = (
				F82DB5A52208F0D500ACBC09 /* LoginViewController.swift in Sources */,
				F82DB5A7220907D800ACBC09 /* MessageDetailViewController.swift in Sources */,
				F82DB5AB220A376A00ACBC09 /* ContactsTableViewController.swift in Sources */,
				F82DB59B2208EDC500ACBC09 /* ProfileViewController.swift in Sources */,
				F82DB5A92209081100ACBC09 /* ScheduleDetailViewController.swift in Sources */,
				F82DB5A12208EE8900ACBC09 /* ScheduleTableViewController.swift in Sources */,
				F82DB59D2208EE1F00ACBC09 /* MessagesTableViewController.swift in Sources */,
				F82DB5A32208F0CD00ACBC09 /* RegisterViewController.swift in Sources */,
				F82DB5AD220A37DF00ACBC09 /* ContactDetailViewController.swift in Sources */,
				F82DB5892208C69C00ACBC09 /* ViewController.swift in Sources */,
				F82DB5872208C69C00ACBC09 /* AppDelegate.swift in Sources */,
			);
			runOnlyForDeploymentPostprocessing = 0;
		};
/* End PBXSourcesBuildPhase section */

/* Begin PBXVariantGroup section */
		F82DB58A2208C69C00ACBC09 /* Main.storyboard */ = {
			isa = PBXVariantGroup;
			children = (
				F82DB58B2208C69C00ACBC09 /* Base */,
			);
			name = Main.storyboard;
			sourceTree = "<group>";
		};
		F82DB58F2208C69D00ACBC09 /* LaunchScreen.storyboard */ = {
			isa = PBXVariantGroup;
			children = (
				F82DB5902208C69D00ACBC09 /* Base */,
			);
			name = LaunchScreen.storyboard;
			sourceTree = "<group>";
		};
/* End PBXVariantGroup section */

/* Begin XCBuildConfiguration section */
		F82DB5932208C69D00ACBC09 /* Debug */ = {
			isa = XCBuildConfiguration;
			buildSettings = {
				ALWAYS_SEARCH_USER_PATHS = NO;
				CLANG_ANALYZER_NONNULL = YES;
				CLANG_ANALYZER_NUMBER_OBJECT_CONVERSION = YES_AGGRESSIVE;
				CLANG_CXX_LANGUAGE_STANDARD = "gnu++14";
				CLANG_CXX_LIBRARY = "libc++";
				CLANG_ENABLE_MODULES = YES;
				CLANG_ENABLE_OBJC_ARC = YES;
				CLANG_ENABLE_OBJC_WEAK = YES;
				CLANG_WARN_BLOCK_CAPTURE_AUTORELEASING = YES;
				CLANG_WARN_BOOL_CONVERSION = YES;
				CLANG_WARN_COMMA = YES;
				CLANG_WARN_CONSTANT_CONVERSION = YES;
				CLANG_WARN_DEPRECATED_OBJC_IMPLEMENTATIONS = YES;
				CLANG_WARN_DIRECT_OBJC_ISA_USAGE = YES_ERROR;
				CLANG_WARN_DOCUMENTATION_COMMENTS = YES;
				CLANG_WARN_EMPTY_BODY = YES;
				CLANG_WARN_ENUM_CONVERSION = YES;
				CLANG_WARN_INFINITE_RECURSION = YES;
				CLANG_WARN_INT_CONVERSION = YES;
				CLANG_WARN_NON_LITERAL_NULL_CONVERSION = YES;
				CLANG_WARN_OBJC_IMPLICIT_RETAIN_SELF = YES;
				CLANG_WARN_OBJC_LITERAL_CONVERSION = YES;
				CLANG_WARN_OBJC_ROOT_CLASS = YES_ERROR;
				CLANG_WARN_RANGE_LOOP_ANALYSIS = YES;
				CLANG_WARN_STRICT_PROTOTYPES = YES;
				CLANG_WARN_SUSPICIOUS_MOVE = YES;
				CLANG_WARN_UNGUARDED_AVAILABILITY = YES_AGGRESSIVE;
				CLANG_WARN_UNREACHABLE_CODE = YES;
				CLANG_WARN__DUPLICATE_METHOD_MATCH = YES;
				CODE_SIGN_IDENTITY = "iPhone Developer";
				COPY_PHASE_STRIP = NO;
				DEBUG_INFORMATION_FORMAT = dwarf;
				ENABLE_STRICT_OBJC_MSGSEND = YES;
				ENABLE_TESTABILITY = YES;
				GCC_C_LANGUAGE_STANDARD = gnu11;
				GCC_DYNAMIC_NO_PIC = NO;
				GCC_NO_COMMON_BLOCKS = YES;
				GCC_OPTIMIZATION_LEVEL = 0;
				GCC_PREPROCESSOR_DEFINITIONS = (
					"DEBUG=1",
					"$(inherited)",
				);
				GCC_WARN_64_TO_32_BIT_CONVERSION = YES;
				GCC_WARN_ABOUT_RETURN_TYPE = YES_ERROR;
				GCC_WARN_UNDECLARED_SELECTOR = YES;
				GCC_WARN_UNINITIALIZED_AUTOS = YES_AGGRESSIVE;
				GCC_WARN_UNUSED_FUNCTION = YES;
				GCC_WARN_UNUSED_VARIABLE = YES;
				IPHONEOS_DEPLOYMENT_TARGET = 12.1;
				MTL_ENABLE_DEBUG_INFO = INCLUDE_SOURCE;
				MTL_FAST_MATH = YES;
				ONLY_ACTIVE_ARCH = YES;
				SDKROOT = iphoneos;
				SWIFT_ACTIVE_COMPILATION_CONDITIONS = DEBUG;
				SWIFT_OPTIMIZATION_LEVEL = "-Onone";
			};
			name = Debug;
		};
		F82DB5942208C69D00ACBC09 /* Release */ = {
			isa = XCBuildConfiguration;
			buildSettings = {
				ALWAYS_SEARCH_USER_PATHS = NO;
				CLANG_ANALYZER_NONNULL = YES;
				CLANG_ANALYZER_NUMBER_OBJECT_CONVERSION = YES_AGGRESSIVE;
				CLANG_CXX_LANGUAGE_STANDARD = "gnu++14";
				CLANG_CXX_LIBRARY = "libc++";
				CLANG_ENABLE_MODULES = YES;
				CLANG_ENABLE_OBJC_ARC = YES;
				CLANG_ENABLE_OBJC_WEAK = YES;
				CLANG_WARN_BLOCK_CAPTURE_AUTORELEASING = YES;
				CLANG_WARN_BOOL_CONVERSION = YES;
				CLANG_WARN_COMMA = YES;
				CLANG_WARN_CONSTANT_CONVERSION = YES;
				CLANG_WARN_DEPRECATED_OBJC_IMPLEMENTATIONS = YES;
				CLANG_WARN_DIRECT_OBJC_ISA_USAGE = YES_ERROR;
				CLANG_WARN_DOCUMENTATION_COMMENTS = YES;
				CLANG_WARN_EMPTY_BODY = YES;
				CLANG_WARN_ENUM_CONVERSION = YES;
				CLANG_WARN_INFINITE_RECURSION = YES;
				CLANG_WARN_INT_CONVERSION = YES;
				CLANG_WARN_NON_LITERAL_NULL_CONVERSION = YES;
				CLANG_WARN_OBJC_IMPLICIT_RETAIN_SELF = YES;
				CLANG_WARN_OBJC_LITERAL_CONVERSION = YES;
				CLANG_WARN_OBJC_ROOT_CLASS = YES_ERROR;
				CLANG_WARN_RANGE_LOOP_ANALYSIS = YES;
				CLANG_WARN_STRICT_PROTOTYPES = YES;
				CLANG_WARN_SUSPICIOUS_MOVE = YES;
				CLANG_WARN_UNGUARDED_AVAILABILITY = YES_AGGRESSIVE;
				CLANG_WARN_UNREACHABLE_CODE = YES;
				CLANG_WARN__DUPLICATE_METHOD_MATCH = YES;
				CODE_SIGN_IDENTITY = "iPhone Developer";
				COPY_PHASE_STRIP = NO;
				DEBUG_INFORMATION_FORMAT = "dwarf-with-dsym";
				ENABLE_NS_ASSERTIONS = NO;
				ENABLE_STRICT_OBJC_MSGSEND = YES;
				GCC_C_LANGUAGE_STANDARD = gnu11;
				GCC_NO_COMMON_BLOCKS = YES;
				GCC_WARN_64_TO_32_BIT_CONVERSION = YES;
				GCC_WARN_ABOUT_RETURN_TYPE = YES_ERROR;
				GCC_WARN_UNDECLARED_SELECTOR = YES;
				GCC_WARN_UNINITIALIZED_AUTOS = YES_AGGRESSIVE;
				GCC_WARN_UNUSED_FUNCTION = YES;
				GCC_WARN_UNUSED_VARIABLE = YES;
				IPHONEOS_DEPLOYMENT_TARGET = 12.1;
				MTL_ENABLE_DEBUG_INFO = NO;
				MTL_FAST_MATH = YES;
				SDKROOT = iphoneos;
				SWIFT_COMPILATION_MODE = wholemodule;
				SWIFT_OPTIMIZATION_LEVEL = "-O";
				VALIDATE_PRODUCT = YES;
			};
			name = Release;
		};
		F82DB5962208C69D00ACBC09 /* Debug */ = {
			isa = XCBuildConfiguration;
			baseConfigurationReference = E8B18A19B767A12C19853207 /* Pods-Mentors International.debug.xcconfig */;
			buildSettings = {
				ASSETCATALOG_COMPILER_APPICON_NAME = AppIcon;
				CODE_SIGN_STYLE = Automatic;
				DEVELOPMENT_TEAM = 6Y6994DAGM;
				INFOPLIST_FILE = "Mentors International/Info.plist";
				LD_RUNPATH_SEARCH_PATHS = (
					"$(inherited)",
					"@executable_path/Frameworks",
				);
				PRODUCT_BUNDLE_IDENTIFIER = "com.JaspalSuri.Mentors-International";
				PRODUCT_NAME = "$(TARGET_NAME)";
				SWIFT_VERSION = 4.2;
				TARGETED_DEVICE_FAMILY = "1,2";
			};
			name = Debug;
		};
		F82DB5972208C69D00ACBC09 /* Release */ = {
			isa = XCBuildConfiguration;
			baseConfigurationReference = EAB19C59756EBECE77F89125 /* Pods-Mentors International.release.xcconfig */;
			buildSettings = {
				ASSETCATALOG_COMPILER_APPICON_NAME = AppIcon;
				CODE_SIGN_STYLE = Automatic;
				DEVELOPMENT_TEAM = 6Y6994DAGM;
				INFOPLIST_FILE = "Mentors International/Info.plist";
				LD_RUNPATH_SEARCH_PATHS = (
					"$(inherited)",
					"@executable_path/Frameworks",
				);
				PRODUCT_BUNDLE_IDENTIFIER = "com.JaspalSuri.Mentors-International";
				PRODUCT_NAME = "$(TARGET_NAME)";
				SWIFT_VERSION = 4.2;
				TARGETED_DEVICE_FAMILY = "1,2";
			};
			name = Release;
		};
/* End XCBuildConfiguration section */

/* Begin XCConfigurationList section */
		F82DB57E2208C69C00ACBC09 /* Build configuration list for PBXProject "Mentors International" */ = {
			isa = XCConfigurationList;
			buildConfigurations = (
				F82DB5932208C69D00ACBC09 /* Debug */,
				F82DB5942208C69D00ACBC09 /* Release */,
			);
			defaultConfigurationIsVisible = 0;
			defaultConfigurationName = Release;
		};
		F82DB5952208C69D00ACBC09 /* Build configuration list for PBXNativeTarget "Mentors International" */ = {
			isa = XCConfigurationList;
			buildConfigurations = (
				F82DB5962208C69D00ACBC09 /* Debug */,
				F82DB5972208C69D00ACBC09 /* Release */,
			);
			defaultConfigurationIsVisible = 0;
			defaultConfigurationName = Release;
		};
/* End XCConfigurationList section */
	};
	rootObject = F82DB57B2208C69C00ACBC09 /* Project object */;
}
